
Microsoft Visual Studio Solution File, Format Version 12.00
# Visual Studio Version 16
VisualStudioVersion = 16.0.31911.196
MinimumVisualStudioVersion = 10.0.40219.1
Project("{FAE04EC0-301F-11D3-BF4B-00C04F79EFBC}") = "ShapesConsoleUI", "ShapesConsoleUI\ShapesConsoleUI.csproj", "{671371F3-4D5F-421F-A1B2-4DF27B4A974F}"
EndProject
Project("{FAE04EC0-301F-11D3-BF4B-00C04F79EFBC}") = "ShapesLib", "ShapesLib\ShapesLib.csproj", "{80E86AB8-C8E9-4C9A-AFE1-74467CBEE14B}"
EndProject
Project("{FAE04EC0-301F-11D3-BF4B-00C04F79EFBC}") = "ShapesLib.Test", "ShapesLib.Test\ShapesLib.Test.csproj", "{F12351BD-81BD-42BC-AF91-B5F7849FD50A}"
EndProject
Project("{FAE04EC0-301F-11D3-BF4B-00C04F79EFBC}") = "ShapesUI", "ShapesUI\ShapesUI.csproj", "{B5C066AB-E0C6-4147-AE27-2ACC1D88C75D}"
EndProject
Global
	GlobalSection(SolutionConfigurationPlatforms) = preSolution
		Debug|Any CPU = Debug|Any CPU
		Release|Any CPU = Release|Any CPU
	EndGlobalSection
	GlobalSection(ProjectConfigurationPlatforms) = postSolution
		{671371F3-4D5F-421F-A1B2-4DF27B4A974F}.Debug|Any CPU.ActiveCfg = Debug|Any CPU
		{671371F3-4D5F-421F-A1B2-4DF27B4A974F}.Debug|Any CPU.Build.0 = Debug|Any CPU
		{671371F3-4D5F-421F-A1B2-4DF27B4A974F}.Release|Any CPU.ActiveCfg = Release|Any CPU
		{671371F3-4D5F-421F-A1B2-4DF27B4A974F}.Release|Any CPU.Build.0 = Release|Any CPU
		{80E86AB8-C8E9-4C9A-AFE1-74467CBEE14B}.Debug|Any CPU.ActiveCfg = Debug|Any CPU
		{80E86AB8-C8E9-4C9A-AFE1-74467CBEE14B}.Debug|Any CPU.Build.0 = Debug|Any CPU
		{80E86AB8-C8E9-4C9A-AFE1-74467CBEE14B}.Release|Any CPU.ActiveCfg = Release|Any CPU
		{80E86AB8-C8E9-4C9A-AFE1-74467CBEE14B}.Release|Any CPU.Build.0 = Release|Any CPU
		{F12351BD-81BD-42BC-AF91-B5F7849FD50A}.Debug|Any CPU.ActiveCfg = Debug|Any CPU
		{F12351BD-81BD-42BC-AF91-B5F7849FD50A}.Debug|Any CPU.Build.0 = Debug|Any CPU
		{F12351BD-81BD-42BC-AF91-B5F7849FD50A}.Release|Any CPU.ActiveCfg = Release|Any CPU
		{F12351BD-81BD-42BC-AF91-B5F7849FD50A}.Release|Any CPU.Build.0 = Release|Any CPU
		{B5C066AB-E0C6-4147-AE27-2ACC1D88C75D}.Debug|Any CPU.ActiveCfg = Debug|Any CPU
		{B5C066AB-E0C6-4147-AE27-2ACC1D88C75D}.Debug|Any CPU.Build.0 = Debug|Any CPU
		{B5C066AB-E0C6-4147-AE27-2ACC1D88C75D}.Release|Any CPU.ActiveCfg = Release|Any CPU
		{B5C066AB-E0C6-4147-AE27-2ACC1D88C75D}.Release|Any CPU.Build.0 = Release|Any CPU
	EndGlobalSection
	GlobalSection(SolutionProperties) = preSolution
		HideSolutionNode = FALSE
	EndGlobalSection
	GlobalSection(ExtensibilityGlobals) = postSolution
		SolutionGuid = {4517751A-9FB2-4E73-A48E-09CAA939529F}
	EndGlobalSection
EndGlobal
